
Microsoft Visual Studio Solution File, Format Version 12.00
# Visual Studio Version 16
VisualStudioVersion = 16.0.29613.14
MinimumVisualStudioVersion = 10.0.40219.1
Project("{FAE04EC0-301F-11D3-BF4B-00C04F79EFBC}") = "Game of Life", "Game of Life\Game of Life.csproj", "{6AA61A89-1FAA-45DE-A7BC-DB4D38C0EC26}"
EndProject
Global
	GlobalSection(SolutionConfigurationPlatforms) = preSolution
		Debug|Any CPU = Debug|Any CPU
		Release|Any CPU = Release|Any CPU
	EndGlobalSection
	GlobalSection(ProjectConfigurationPlatforms) = postSolution
		{6AA61A89-1FAA-45DE-A7BC-DB4D38C0EC26}.Debug|Any CPU.ActiveCfg = Debug|Any CPU
		{6AA61A89-1FAA-45DE-A7BC-DB4D38C0EC26}.Debug|Any CPU.Build.0 = Debug|Any CPU
		{6AA61A89-1FAA-45DE-A7BC-DB4D38C0EC26}.Release|Any CPU.ActiveCfg = Release|Any CPU
		{6AA61A89-1FAA-45DE-A7BC-DB4D38C0EC26}.Release|Any CPU.Build.0 = Release|Any CPU
	EndGlobalSection
	GlobalSection(SolutionProperties) = preSolution
		HideSolutionNode = FALSE
	EndGlobalSection
	GlobalSection(ExtensibilityGlobals) = postSolution
		SolutionGuid = {77675F5D-08F2-4AF4-A77D-C9BCCF4DAFC0}
	EndGlobalSection
EndGlobal
